
Microsoft Visual Studio Solution File, Format Version 12.00
# Visual Studio Version 16
VisualStudioVersion = 16.0.31515.178
MinimumVisualStudioVersion = 10.0.40219.1
Project("{FAE04EC0-301F-11D3-BF4B-00C04F79EFBC}") = "LABSEGUNDAPARTE", "LABSEGUNDAPARTE\LABSEGUNDAPARTE.csproj", "{CB63ED11-949E-481D-9D69-C19EB34E92A2}"
EndProject
Global
	GlobalSection(SolutionConfigurationPlatforms) = preSolution
		Debug|Any CPU = Debug|Any CPU
		Release|Any CPU = Release|Any CPU
	EndGlobalSection
	GlobalSection(ProjectConfigurationPlatforms) = postSolution
		{CB63ED11-949E-481D-9D69-C19EB34E92A2}.Debug|Any CPU.ActiveCfg = Debug|Any CPU
		{CB63ED11-949E-481D-9D69-C19EB34E92A2}.Debug|Any CPU.Build.0 = Debug|Any CPU
		{CB63ED11-949E-481D-9D69-C19EB34E92A2}.Release|Any CPU.ActiveCfg = Release|Any CPU
		{CB63ED11-949E-481D-9D69-C19EB34E92A2}.Release|Any CPU.Build.0 = Release|Any CPU
	EndGlobalSection
	GlobalSection(SolutionProperties) = preSolution
		HideSolutionNode = FALSE
	EndGlobalSection
	GlobalSection(ExtensibilityGlobals) = postSolution
		SolutionGuid = {65B57EFB-B6BB-426E-84E0-D92F013D5427}
	EndGlobalSection
EndGlobal
